// !$*UTF8*$!
{
	archiveVersion = 1;
	classes = {
	};
	objectVersion = 50;
	objects = {

/* Begin PBXBuildFile section */
		D47352F02440C41000619910 /* AppDelegate.swift in Sources */ = {isa = PBXBuildFile; fileRef = D47352EF2440C41000619910 /* AppDelegate.swift */; };
		D47352F22440C41000619910 /* SceneDelegate.swift in Sources */ = {isa = PBXBuildFile; fileRef = D47352F12440C41000619910 /* SceneDelegate.swift */; };
		D47352F72440C41000619910 /* Main.storyboard in Resources */ = {isa = PBXBuildFile; fileRef = D47352F52440C41000619910 /* Main.storyboard */; };
		D47352FA2440C41000619910 /* FinalPairs.xcdatamodeld in Sources */ = {isa = PBXBuildFile; fileRef = D47352F82440C41000619910 /* FinalPairs.xcdatamodeld */; };
		D47352FC2440C41300619910 /* Assets.xcassets in Resources */ = {isa = PBXBuildFile; fileRef = D47352FB2440C41300619910 /* Assets.xcassets */; };
		D47352FF2440C41300619910 /* LaunchScreen.storyboard in Resources */ = {isa = PBXBuildFile; fileRef = D47352FD2440C41300619910 /* LaunchScreen.storyboard */; };
		D4D420B32440C617006BE26A /* CoreDataStack.swift in Sources */ = {isa = PBXBuildFile; fileRef = D4D420B22440C617006BE26A /* CoreDataStack.swift */; };
		D4D420B52440CC70006BE26A /* Person+Convenience.swift in Sources */ = {isa = PBXBuildFile; fileRef = D4D420B42440CC70006BE26A /* Person+Convenience.swift */; };
		D4D420B72440CE54006BE26A /* PersonController.swift in Sources */ = {isa = PBXBuildFile; fileRef = D4D420B62440CE54006BE26A /* PersonController.swift */; };
		D4D420B92440DC44006BE26A /* PersonListTableViewController.swift in Sources */ = {isa = PBXBuildFile; fileRef = D4D420B82440DC44006BE26A /* PersonListTableViewController.swift */; };
		D4D420BB2440DC67006BE26A /* PersonDetailViewController.swift in Sources */ = {isa = PBXBuildFile; fileRef = D4D420BA2440DC67006BE26A /* PersonDetailViewController.swift */; };
/* End PBXBuildFile section */

/* Begin PBXFileReference section */
		D47352EC2440C41000619910 /* FinalPairs.app */ = {isa = PBXFileReference; explicitFileType = wrapper.application; includeInIndex = 0; path = FinalPairs.app; sourceTree = BUILT_PRODUCTS_DIR; };
		D47352EF2440C41000619910 /* AppDelegate.swift */ = {isa = PBXFileReference; lastKnownFileType = sourcecode.swift; path = AppDelegate.swift; sourceTree = "<group>"; };
		D47352F12440C41000619910 /* SceneDelegate.swift */ = {isa = PBXFileReference; lastKnownFileType = sourcecode.swift; path = SceneDelegate.swift; sourceTree = "<group>"; };
		D47352F62440C41000619910 /* Base */ = {isa = PBXFileReference; lastKnownFileType = file.storyboard; name = Base; path = Base.lproj/Main.storyboard; sourceTree = "<group>"; };
		D47352F92440C41000619910 /* FinalPairs.xcdatamodel */ = {isa = PBXFileReference; lastKnownFileType = wrapper.xcdatamodel; path = FinalPairs.xcdatamodel; sourceTree = "<group>"; };
		D47352FB2440C41300619910 /* Assets.xcassets */ = {isa = PBXFileReference; lastKnownFileType = folder.assetcatalog; path = Assets.xcassets; sourceTree = "<group>"; };
		D47352FE2440C41300619910 /* Base */ = {isa = PBXFileReference; lastKnownFileType = file.storyboard; name = Base; path = Base.lproj/LaunchScreen.storyboard; sourceTree = "<group>"; };
		D47353002440C41300619910 /* Info.plist */ = {isa = PBXFileReference; lastKnownFileType = text.plist.xml; path = Info.plist; sourceTree = "<group>"; };
		D4D420B22440C617006BE26A /* CoreDataStack.swift */ = {isa = PBXFileReference; lastKnownFileType = sourcecode.swift; path = CoreDataStack.swift; sourceTree = "<group>"; };
		D4D420B42440CC70006BE26A /* Person+Convenience.swift */ = {isa = PBXFileReference; lastKnownFileType = sourcecode.swift; path = "Person+Convenience.swift"; sourceTree = "<group>"; };
		D4D420B62440CE54006BE26A /* PersonController.swift */ = {isa = PBXFileReference; lastKnownFileType = sourcecode.swift; path = PersonController.swift; sourceTree = "<group>"; };
		D4D420B82440DC44006BE26A /* PersonListTableViewController.swift */ = {isa = PBXFileReference; lastKnownFileType = sourcecode.swift; path = PersonListTableViewController.swift; sourceTree = "<group>"; };
		D4D420BA2440DC67006BE26A /* PersonDetailViewController.swift */ = {isa = PBXFileReference; lastKnownFileType = sourcecode.swift; path = PersonDetailViewController.swift; sourceTree = "<group>"; };
/* End PBXFileReference section */

/* Begin PBXFrameworksBuildPhase section */
		D47352E92440C41000619910 /* Frameworks */ = {
			isa = PBXFrameworksBuildPhase;
			buildActionMask = 2147483647;
			files = (
			);
			runOnlyForDeploymentPostprocessing = 0;
		};
/* End PBXFrameworksBuildPhase section */

/* Begin PBXGroup section */
		D47352E32440C41000619910 = {
			isa = PBXGroup;
			children = (
				D47352EE2440C41000619910 /* FinalPairs */,
				D47352ED2440C41000619910 /* Products */,
			);
			sourceTree = "<group>";
		};
		D47352ED2440C41000619910 /* Products */ = {
			isa = PBXGroup;
			children = (
				D47352EC2440C41000619910 /* FinalPairs.app */,
			);
			name = Products;
			sourceTree = "<group>";
		};
		D47352EE2440C41000619910 /* FinalPairs */ = {
			isa = PBXGroup;
			children = (
				D4D420B12440C5DB006BE26A /* Core Data */,
				D4D420B02440C5C3006BE26A /* Model */,
				D4D420AF2440C5BC006BE26A /* Model Controllers */,
				D4D420AE2440C5B0006BE26A /* View Controllers */,
				D4D420AD2440C5A6006BE26A /* UI */,
				D47352F52440C41000619910 /* Main.storyboard */,
				D47352FD2440C41300619910 /* LaunchScreen.storyboard */,
				D4D420AC2440C54C006BE26A /* Resources */,
			);
			path = FinalPairs;
			sourceTree = "<group>";
		};
		D4D420AC2440C54C006BE26A /* Resources */ = {
			isa = PBXGroup;
			children = (
				D47352EF2440C41000619910 /* AppDelegate.swift */,
				D47352F12440C41000619910 /* SceneDelegate.swift */,
				D47352FB2440C41300619910 /* Assets.xcassets */,
				D47353002440C41300619910 /* Info.plist */,
			);
			path = Resources;
			sourceTree = "<group>";
		};
		D4D420AD2440C5A6006BE26A /* UI */ = {
			isa = PBXGroup;
			children = (
			);
			path = UI;
			sourceTree = "<group>";
		};
		D4D420AE2440C5B0006BE26A /* View Controllers */ = {
			isa = PBXGroup;
			children = (
				D4D420B82440DC44006BE26A /* PersonListTableViewController.swift */,
				D4D420BA2440DC67006BE26A /* PersonDetailViewController.swift */,
			);
			path = "View Controllers";
			sourceTree = "<group>";
		};
		D4D420AF2440C5BC006BE26A /* Model Controllers */ = {
			isa = PBXGroup;
			children = (
				D4D420B62440CE54006BE26A /* PersonController.swift */,
			);
			path = "Model Controllers";
			sourceTree = "<group>";
		};
		D4D420B02440C5C3006BE26A /* Model */ = {
			isa = PBXGroup;
			children = (
				D4D420B42440CC70006BE26A /* Person+Convenience.swift */,
			);
			path = Model;
			sourceTree = "<group>";
		};
		D4D420B12440C5DB006BE26A /* Core Data */ = {
			isa = PBXGroup;
			children = (
				D47352F82440C41000619910 /* FinalPairs.xcdatamodeld */,
				D4D420B22440C617006BE26A /* CoreDataStack.swift */,
			);
			path = "Core Data";
			sourceTree = "<group>";
		};
/* End PBXGroup section */

/* Begin PBXNativeTarget section */
		D47352EB2440C41000619910 /* FinalPairs */ = {
			isa = PBXNativeTarget;
			buildConfigurationList = D47353032440C41300619910 /* Build configuration list for PBXNativeTarget "FinalPairs" */;
			buildPhases = (
				D47352E82440C41000619910 /* Sources */,
				D47352E92440C41000619910 /* Frameworks */,
				D47352EA2440C41000619910 /* Resources */,
			);
			buildRules = (
			);
			dependencies = (
			);
			name = FinalPairs;
			productName = FinalPairs;
			productReference = D47352EC2440C41000619910 /* FinalPairs.app */;
			productType = "com.apple.product-type.application";
		};
/* End PBXNativeTarget section */

/* Begin PBXProject section */
		D47352E42440C41000619910 /* Project object */ = {
			isa = PBXProject;
			attributes = {
				LastSwiftUpdateCheck = 1130;
				LastUpgradeCheck = 1130;
				ORGANIZATIONNAME = Turtle;
				TargetAttributes = {
					D47352EB2440C41000619910 = {
						CreatedOnToolsVersion = 11.3.1;
					};
				};
			};
			buildConfigurationList = D47352E72440C41000619910 /* Build configuration list for PBXProject "FinalPairs" */;
			compatibilityVersion = "Xcode 9.3";
			developmentRegion = en;
			hasScannedForEncodings = 0;
			knownRegions = (
				en,
				Base,
			);
			mainGroup = D47352E32440C41000619910;
			productRefGroup = D47352ED2440C41000619910 /* Products */;
			projectDirPath = "";
			projectRoot = "";
			targets = (
				D47352EB2440C41000619910 /* FinalPairs */,
			);
		};
/* End PBXProject section */

/* Begin PBXResourcesBuildPhase section */
		D47352EA2440C41000619910 /* Resources */ = {
			isa = PBXResourcesBuildPhase;
			buildActionMask = 2147483647;
			files = (
				D47352FF2440C41300619910 /* LaunchScreen.storyboard in Resources */,
				D47352FC2440C41300619910 /* Assets.xcassets in Resources */,
				D47352F72440C41000619910 /* Main.storyboard in Resources */,
			);
			runOnlyForDeploymentPostprocessing = 0;
		};
/* End PBXResourcesBuildPhase section */

/* Begin PBXSourcesBuildPhase section */
		D47352E82440C41000619910 /* Sources */ = {
			isa = PBXSourcesBuildPhase;
			buildActionMask = 2147483647;
			files = (
				D4D420BB2440DC67006BE26A /* PersonDetailViewController.swift in Sources */,
				D4D420B32440C617006BE26A /* CoreDataStack.swift in Sources */,
				D47352FA2440C41000619910 /* FinalPairs.xcdatamodeld in Sources */,
				D47352F02440C41000619910 /* AppDelegate.swift in Sources */,
				D4D420B92440DC44006BE26A /* PersonListTableViewController.swift in Sources */,
				D4D420B52440CC70006BE26A /* Person+Convenience.swift in Sources */,
				D4D420B72440CE54006BE26A /* PersonController.swift in Sources */,
				D47352F22440C41000619910 /* SceneDelegate.swift in Sources */,
			);
			runOnlyForDeploymentPostprocessing = 0;
		};
/* End PBXSourcesBuildPhase section */

/* Begin PBXVariantGroup section */
		D47352F52440C41000619910 /* Main.storyboard */ = {
			isa = PBXVariantGroup;
			children = (
				D47352F62440C41000619910 /* Base */,
			);
			name = Main.storyboard;
			sourceTree = "<group>";
		};
		D47352FD2440C41300619910 /* LaunchScreen.storyboard */ = {
			isa = PBXVariantGroup;
			children = (
				D47352FE2440C41300619910 /* Base */,
			);
			name = LaunchScreen.storyboard;
			sourceTree = "<group>";
		};
/* End PBXVariantGroup section */

/* Begin XCBuildConfiguration section */
		D47353012440C41300619910 /* Debug */ = {
			isa = XCBuildConfiguration;
			buildSettings = {
				ALWAYS_SEARCH_USER_PATHS = NO;
				CLANG_ANALYZER_NONNULL = YES;
				CLANG_ANALYZER_NUMBER_OBJECT_CONVERSION = YES_AGGRESSIVE;
				CLANG_CXX_LANGUAGE_STANDARD = "gnu++14";
				CLANG_CXX_LIBRARY = "libc++";
				CLANG_ENABLE_MODULES = YES;
				CLANG_ENABLE_OBJC_ARC = YES;
				CLANG_ENABLE_OBJC_WEAK = YES;
				CLANG_WARN_BLOCK_CAPTURE_AUTORELEASING = YES;
				CLANG_WARN_BOOL_CONVERSION = YES;
				CLANG_WARN_COMMA = YES;
				CLANG_WARN_CONSTANT_CONVERSION = YES;
				CLANG_WARN_DEPRECATED_OBJC_IMPLEMENTATIONS = YES;
				CLANG_WARN_DIRECT_OBJC_ISA_USAGE = YES_ERROR;
				CLANG_WARN_DOCUMENTATION_COMMENTS = YES;
				CLANG_WARN_EMPTY_BODY = YES;
				CLANG_WARN_ENUM_CONVERSION = YES;
				CLANG_WARN_INFINITE_RECURSION = YES;
				CLANG_WARN_INT_CONVERSION = YES;
				CLANG_WARN_NON_LITERAL_NULL_CONVERSION = YES;
				CLANG_WARN_OBJC_IMPLICIT_RETAIN_SELF = YES;
				CLANG_WARN_OBJC_LITERAL_CONVERSION = YES;
				CLANG_WARN_OBJC_ROOT_CLASS = YES_ERROR;
				CLANG_WARN_RANGE_LOOP_ANALYSIS = YES;
				CLANG_WARN_STRICT_PROTOTYPES = YES;
				CLANG_WARN_SUSPICIOUS_MOVE = YES;
				CLANG_WARN_UNGUARDED_AVAILABILITY = YES_AGGRESSIVE;
				CLANG_WARN_UNREACHABLE_CODE = YES;
				CLANG_WARN__DUPLICATE_METHOD_MATCH = YES;
				COPY_PHASE_STRIP = NO;
				DEBUG_INFORMATION_FORMAT = dwarf;
				ENABLE_STRICT_OBJC_MSGSEND = YES;
				ENABLE_TESTABILITY = YES;
				GCC_C_LANGUAGE_STANDARD = gnu11;
				GCC_DYNAMIC_NO_PIC = NO;
				GCC_NO_COMMON_BLOCKS = YES;
				GCC_OPTIMIZATION_LEVEL = 0;
				GCC_PREPROCESSOR_DEFINITIONS = (
					"DEBUG=1",
					"$(inherited)",
				);
				GCC_WARN_64_TO_32_BIT_CONVERSION = YES;
				GCC_WARN_ABOUT_RETURN_TYPE = YES_ERROR;
				GCC_WARN_UNDECLARED_SELECTOR = YES;
				GCC_WARN_UNINITIALIZED_AUTOS = YES_AGGRESSIVE;
				GCC_WARN_UNUSED_FUNCTION = YES;
				GCC_WARN_UNUSED_VARIABLE = YES;
				IPHONEOS_DEPLOYMENT_TARGET = 13.2;
				MTL_ENABLE_DEBUG_INFO = INCLUDE_SOURCE;
				MTL_FAST_MATH = YES;
				ONLY_ACTIVE_ARCH = YES;
				SDKROOT = iphoneos;
				SWIFT_ACTIVE_COMPILATION_CONDITIONS = DEBUG;
				SWIFT_OPTIMIZATION_LEVEL = "-Onone";
			};
			name = Debug;
		};
		D47353022440C41300619910 /* Release */ = {
			isa = XCBuildConfiguration;
			buildSettings = {
				ALWAYS_SEARCH_USER_PATHS = NO;
				CLANG_ANALYZER_NONNULL = YES;
				CLANG_ANALYZER_NUMBER_OBJECT_CONVERSION = YES_AGGRESSIVE;
				CLANG_CXX_LANGUAGE_STANDARD = "gnu++14";
				CLANG_CXX_LIBRARY = "libc++";
				CLANG_ENABLE_MODULES = YES;
				CLANG_ENABLE_OBJC_ARC = YES;
				CLANG_ENABLE_OBJC_WEAK = YES;
				CLANG_WARN_BLOCK_CAPTURE_AUTORELEASING = YES;
				CLANG_WARN_BOOL_CONVERSION = YES;
				CLANG_WARN_COMMA = YES;
				CLANG_WARN_CONSTANT_CONVERSION = YES;
				CLANG_WARN_DEPRECATED_OBJC_IMPLEMENTATIONS = YES;
				CLANG_WARN_DIRECT_OBJC_ISA_USAGE = YES_ERROR;
				CLANG_WARN_DOCUMENTATION_COMMENTS = YES;
				CLANG_WARN_EMPTY_BODY = YES;
				CLANG_WARN_ENUM_CONVERSION = YES;
				CLANG_WARN_INFINITE_RECURSION = YES;
				CLANG_WARN_INT_CONVERSION = YES;
				CLANG_WARN_NON_LITERAL_NULL_CONVERSION = YES;
				CLANG_WARN_OBJC_IMPLICIT_RETAIN_SELF = YES;
				CLANG_WARN_OBJC_LITERAL_CONVERSION = YES;
				CLANG_WARN_OBJC_ROOT_CLASS = YES_ERROR;
				CLANG_WARN_RANGE_LOOP_ANALYSIS = YES;
				CLANG_WARN_STRICT_PROTOTYPES = YES;
				CLANG_WARN_SUSPICIOUS_MOVE = YES;
				CLANG_WARN_UNGUARDED_AVAILABILITY = YES_AGGRESSIVE;
				CLANG_WARN_UNREACHABLE_CODE = YES;
				CLANG_WARN__DUPLICATE_METHOD_MATCH = YES;
				COPY_PHASE_STRIP = NO;
				DEBUG_INFORMATION_FORMAT = "dwarf-with-dsym";
				ENABLE_NS_ASSERTIONS = NO;
				ENABLE_STRICT_OBJC_MSGSEND = YES;
				GCC_C_LANGUAGE_STANDARD = gnu11;
				GCC_NO_COMMON_BLOCKS = YES;
				GCC_WARN_64_TO_32_BIT_CONVERSION = YES;
				GCC_WARN_ABOUT_RETURN_TYPE = YES_ERROR;
				GCC_WARN_UNDECLARED_SELECTOR = YES;
				GCC_WARN_UNINITIALIZED_AUTOS = YES_AGGRESSIVE;
				GCC_WARN_UNUSED_FUNCTION = YES;
				GCC_WARN_UNUSED_VARIABLE = YES;
				IPHONEOS_DEPLOYMENT_TARGET = 13.2;
				MTL_ENABLE_DEBUG_INFO = NO;
				MTL_FAST_MATH = YES;
				SDKROOT = iphoneos;
				SWIFT_COMPILATION_MODE = wholemodule;
				SWIFT_OPTIMIZATION_LEVEL = "-O";
				VALIDATE_PRODUCT = YES;
			};
			name = Release;
		};
		D47353042440C41300619910 /* Debug */ = {
			isa = XCBuildConfiguration;
			buildSettings = {
				ASSETCATALOG_COMPILER_APPICON_NAME = AppIcon;
				CODE_SIGN_STYLE = Automatic;
				DEVELOPMENT_TEAM = H3N9XPK38Q;
				INFOPLIST_FILE = FinalPairs/Resources/Info.plist;
				LD_RUNPATH_SEARCH_PATHS = (
					"$(inherited)",
					"@executable_path/Frameworks",
				);
				PRODUCT_BUNDLE_IDENTIFIER = SIB.Production.FinalPairs;
				PRODUCT_NAME = "$(TARGET_NAME)";
				SWIFT_VERSION = 5.0;
				TARGETED_DEVICE_FAMILY = "1,2";
			};
			name = Debug;
		};
		D47353052440C41300619910 /* Release */ = {
			isa = XCBuildConfiguration;
			buildSettings = {
				ASSETCATALOG_COMPILER_APPICON_NAME = AppIcon;
				CODE_SIGN_STYLE = Automatic;
				DEVELOPMENT_TEAM = H3N9XPK38Q;
				INFOPLIST_FILE = FinalPairs/Resources/Info.plist;
				LD_RUNPATH_SEARCH_PATHS = (
					"$(inherited)",
					"@executable_path/Frameworks",
				);
				PRODUCT_BUNDLE_IDENTIFIER = SIB.Production.FinalPairs;
				PRODUCT_NAME = "$(TARGET_NAME)";
				SWIFT_VERSION = 5.0;
				TARGETED_DEVICE_FAMILY = "1,2";
			};
			name = Release;
		};
/* End XCBuildConfiguration section */

/* Begin XCConfigurationList section */
		D47352E72440C41000619910 /* Build configuration list for PBXProject "FinalPairs" */ = {
			isa = XCConfigurationList;
			buildConfigurations = (
				D47353012440C41300619910 /* Debug */,
				D47353022440C41300619910 /* Release */,
			);
			defaultConfigurationIsVisible = 0;
			defaultConfigurationName = Release;
		};
		D47353032440C41300619910 /* Build configuration list for PBXNativeTarget "FinalPairs" */ = {
			isa = XCConfigurationList;
			buildConfigurations = (
				D47353042440C41300619910 /* Debug */,
				D47353052440C41300619910 /* Release */,
			);
			defaultConfigurationIsVisible = 0;
			defaultConfigurationName = Release;
		};
/* End XCConfigurationList section */

/* Begin XCVersionGroup section */
		D47352F82440C41000619910 /* FinalPairs.xcdatamodeld */ = {
			isa = XCVersionGroup;
			children = (
				D47352F92440C41000619910 /* FinalPairs.xcdatamodel */,
			);
			currentVersion = D47352F92440C41000619910 /* FinalPairs.xcdatamodel */;
			path = FinalPairs.xcdatamodeld;
			sourceTree = "<group>";
			versionGroupType = wrapper.xcdatamodel;
		};
/* End XCVersionGroup section */
	};
	rootObject = D47352E42440C41000619910 /* Project object */;
}
